
Microsoft Visual Studio Solution File, Format Version 12.00
# Visual Studio Version 17
VisualStudioVersion = 17.0.31903.59
MinimumVisualStudioVersion = 10.0.40219.1
Project("{9A19103F-16F7-4668-BE54-9A1E7A4F7556}") = "PuppetWeatherConsole", "PuppetWeatherConsole\PuppetWeatherConsole.csproj", "{941DA1C4-3A42-4275-9B47-B9F5C5FFE4DA}"
EndProject
Global
	GlobalSection(SolutionConfigurationPlatforms) = preSolution
		Debug|Any CPU = Debug|Any CPU
		Release|Any CPU = Release|Any CPU
	EndGlobalSection
	GlobalSection(ProjectConfigurationPlatforms) = postSolution
		{941DA1C4-3A42-4275-9B47-B9F5C5FFE4DA}.Debug|Any CPU.ActiveCfg = Debug|Any CPU
		{941DA1C4-3A42-4275-9B47-B9F5C5FFE4DA}.Debug|Any CPU.Build.0 = Debug|Any CPU
		{941DA1C4-3A42-4275-9B47-B9F5C5FFE4DA}.Release|Any CPU.ActiveCfg = Release|Any CPU
		{941DA1C4-3A42-4275-9B47-B9F5C5FFE4DA}.Release|Any CPU.Build.0 = Release|Any CPU
	EndGlobalSection
	GlobalSection(SolutionProperties) = preSolution
		HideSolutionNode = FALSE
	EndGlobalSection
	GlobalSection(ExtensibilityGlobals) = postSolution
		SolutionGuid = {2BE16178-B708-4B2B-8BC4-4BB4E6606F3E}
	EndGlobalSection
EndGlobal
